
Microsoft Visual Studio Solution File, Format Version 12.00
# Visual Studio Version 17
VisualStudioVersion = 17.11.35222.181
MinimumVisualStudioVersion = 10.0.40219.1
Project("{2150E333-8FDC-42A3-9474-1A3956D46DE8}") = "Task0", "Task0", "{F8A8E9EC-6D2A-486C-949F-17F811428C24}"
EndProject
Project("{9A19103F-16F7-4668-BE54-9A1E7A4F7556}") = "Tyuiu.GalimovaAS.Sprint2.Task0.V21", "Tyuiu.GalimovaAS.Sprint2.Task0.V21\Tyuiu.GalimovaAS.Sprint2.Task0.V21.csproj", "{A93AEB11-DDB3-44DF-9FF7-B6285200111D}"
EndProject
Project("{9A19103F-16F7-4668-BE54-9A1E7A4F7556}") = "Tyuiu.GalimovaAS.Sprint2.Task0.V21.Lib", "Tyuiu.GalimovaAS.Sprint2.Task0.V21.Lib\Tyuiu.GalimovaAS.Sprint2.Task0.V21.Lib.csproj", "{9EB98077-90DB-4504-B901-695546B50105}"
EndProject
Project("{9A19103F-16F7-4668-BE54-9A1E7A4F7556}") = "Tyuiu.GalimovaAS.Sprint2.Task0.V21.Test", "Tyuiu.GalimovaAS.Sprint2.Task0.V21.Test\Tyuiu.GalimovaAS.Sprint2.Task0.V21.Test.csproj", "{758EA610-8DAC-4218-9337-721357795B86}"
EndProject
Project("{2150E333-8FDC-42A3-9474-1A3956D46DE8}") = "Task1", "Task1", "{7DDC8072-79E8-4E62-AF9E-7384A0D755A2}"
EndProject
Project("{9A19103F-16F7-4668-BE54-9A1E7A4F7556}") = "Tyuiu.GalimovaAS.Sprint2.Task1.V24", "Tyuiu.GalimovaAS.Sprint2.Task1.V24\Tyuiu.GalimovaAS.Sprint2.Task1.V24.csproj", "{E749CBB7-3390-464E-A537-47FA4641C3FF}"
EndProject
Project("{9A19103F-16F7-4668-BE54-9A1E7A4F7556}") = "Tyuiu.GalimovaAS.Sprint2.Task1.V24.Lib", "Tyuiu.GalimovaAS.Sprint2.Task1.V24.Lib\Tyuiu.GalimovaAS.Sprint2.Task1.V24.Lib.csproj", "{FF02E64C-5C13-465E-9BED-A99E9AB5550D}"
EndProject
Project("{9A19103F-16F7-4668-BE54-9A1E7A4F7556}") = "Tyuiu.GalimovaAS.Sprint2.Task1.V24.Test", "Tyuiu.GalimovaAS.Sprint2.Task1.V24.Test\Tyuiu.GalimovaAS.Sprint2.Task1.V24.Test.csproj", "{BEF18AA0-E9C8-4669-94DB-695941D61C78}"
EndProject
Project("{2150E333-8FDC-42A3-9474-1A3956D46DE8}") = "Task2", "Task2", "{DCD90AA7-AA82-4A54-824C-C2D166787A11}"
EndProject
Project("{9A19103F-16F7-4668-BE54-9A1E7A4F7556}") = "Tyuiu.GalimovaAS.Sprint2.Task2.V18", "Tyuiu.GalimovaAS.Sprint2.Task2.V18\Tyuiu.GalimovaAS.Sprint2.Task2.V18.csproj", "{946D8077-E157-43B5-90CE-A7789D7A3ABE}"
EndProject
Project("{9A19103F-16F7-4668-BE54-9A1E7A4F7556}") = "Tyuiu.GalimovaAS.Sprint2.Task2.V18.Lib", "Tyuiu.GalimovaAS.Sprint2.Task2.V18.Lib\Tyuiu.GalimovaAS.Sprint2.Task2.V18.Lib.csproj", "{EC9BAEE7-13E5-44D2-81CF-6BB5536ABDF9}"
EndProject
Project("{9A19103F-16F7-4668-BE54-9A1E7A4F7556}") = "Tyuiu.GalimovaAS.Sprint2.Task2.V18.Test", "Tyuiu.GalimovaAS.Sprint2.Task2.V18.Test\Tyuiu.GalimovaAS.Sprint2.Task2.V18.Test.csproj", "{08DF2228-39AB-4E89-9AAA-2BF1F1D17699}"
EndProject
Project("{2150E333-8FDC-42A3-9474-1A3956D46DE8}") = "Task3", "Task3", "{C20BE24F-029C-40BF-9E25-971ED718C218}"
EndProject
Project("{9A19103F-16F7-4668-BE54-9A1E7A4F7556}") = "Tyuiu.GalimovaAS.Sprint2.Task3.V14", "Tyuiu.GalimovaAS.Sprint2.Task3.V14\Tyuiu.GalimovaAS.Sprint2.Task3.V14.csproj", "{9A14A280-EF7C-466E-B129-E0D4A512C5D2}"
EndProject
Project("{9A19103F-16F7-4668-BE54-9A1E7A4F7556}") = "Tyuiu.GalimovaAS.Sprint2.Task3.V14.Lib", "Tyuiu.GalimovaAS.Sprint2.Task3.V14.Lib\Tyuiu.GalimovaAS.Sprint2.Task3.V14.Lib.csproj", "{4F70C44D-5229-4C22-848E-6B09A8277DA5}"
EndProject
Project("{9A19103F-16F7-4668-BE54-9A1E7A4F7556}") = "Tyuiu.GalimovaAS.Sprint2.Task3.V14.Test", "Tyuiu.GalimovaAS.Sprint2.Task3.V14.Test\Tyuiu.GalimovaAS.Sprint2.Task3.V14.Test.csproj", "{24B3333C-389E-434E-91CE-DE6F70A7C63F}"
EndProject
Project("{2150E333-8FDC-42A3-9474-1A3956D46DE8}") = "Task4", "Task4", "{917E41FA-626A-433D-9617-EEDF1877CB18}"
EndProject
Project("{FAE04EC0-301F-11D3-BF4B-00C04F79EFBC}") = "Tyuiu.GalimovaAS.Sprint2.Task4.V17", "Tyuiu.GalimovaAS.Sprint2.Task4.V17\Tyuiu.GalimovaAS.Sprint2.Task4.V17.csproj", "{52FAF978-CD8B-4CEF-8D49-AD9886E8CB3A}"
EndProject
Project("{FAE04EC0-301F-11D3-BF4B-00C04F79EFBC}") = "Tyuiu.GalimovaAS.Sprint2.Task4.V17.Lib", "Tyuiu.GalimovaAS.Sprint2.Task4.V17.Lib\Tyuiu.GalimovaAS.Sprint2.Task4.V17.Lib.csproj", "{C9E2120B-3F78-410D-99B3-EAFB1A36B0CF}"
EndProject
Project("{FAE04EC0-301F-11D3-BF4B-00C04F79EFBC}") = "Tyuiu.GalimovaAS.Sprint2.Task4.V17.Test", "Tyuiu.GalimovaAS.Sprint2.Task4.V17.Test\Tyuiu.GalimovaAS.Sprint2.Task4.V17.Test.csproj", "{7E0F295A-A617-43CC-A12D-36FFDE3ACDF8}"
EndProject
Project("{2150E333-8FDC-42A3-9474-1A3956D46DE8}") = "Task5", "Task5", "{5A735E3F-786A-497D-B1E9-6A3D8ACA1E66}"
EndProject
Project("{FAE04EC0-301F-11D3-BF4B-00C04F79EFBC}") = "Tyuiu.GalimovaAS.Sprint2.Task5.V2", "Tyuiu.GalimovaAS.Sprint2.Task5.V2\Tyuiu.GalimovaAS.Sprint2.Task5.V2.csproj", "{C7B9B4C3-D496-47EC-ABC0-956F807B67D3}"
EndProject
Project("{FAE04EC0-301F-11D3-BF4B-00C04F79EFBC}") = "Tyuiu.GalimovaAS.Sprint2.Task5.V2.Test", "Tyuiu.GalimovaAS.Sprint2.Task5.V2.Test\Tyuiu.GalimovaAS.Sprint2.Task5.V2.Test.csproj", "{3347A1CF-FF2A-4D6F-ADC3-37C28AF77F3E}"
EndProject
Project("{FAE04EC0-301F-11D3-BF4B-00C04F79EFBC}") = "Tyuiu.GalimovaAS.Sprint2.Task5.V2.Lib", "Tyuiu.GalimovaAS.Sprint2.Task5.V2.Lib\Tyuiu.GalimovaAS.Sprint2.Task5.V2.Lib.csproj", "{FABF9020-5B27-4A67-8604-E96DAFFEF927}"
EndProject
Project("{2150E333-8FDC-42A3-9474-1A3956D46DE8}") = "Task6", "Task6", "{12570A4B-7823-4093-AF88-7B0F179FA4E7}"
EndProject
Project("{FAE04EC0-301F-11D3-BF4B-00C04F79EFBC}") = "Tyuiu.GalimovaAS.Sprint2.Task6.V4", "Tyuiu.GalimovaAS.Sprint2.Task6.V4\Tyuiu.GalimovaAS.Sprint2.Task6.V4.csproj", "{792373F0-9B03-4843-A996-F5635888FE02}"
EndProject
Project("{FAE04EC0-301F-11D3-BF4B-00C04F79EFBC}") = "Tyuiu.GalimovaAS.Sprint2.Task6.V4.Lib", "Tyuiu.GalimovaAS.Sprint2.Task6.V4.Lib\Tyuiu.GalimovaAS.Sprint2.Task6.V4.Lib.csproj", "{043FEC50-DCCB-42A5-869B-CE926457CB38}"
EndProject
Project("{FAE04EC0-301F-11D3-BF4B-00C04F79EFBC}") = "Tyuiu.GalimovaAS.Sprint2.Task6.V4.Test", "Tyuiu.GalimovaAS.Sprint2.Task6.V4.Test\Tyuiu.GalimovaAS.Sprint2.Task6.V4.Test.csproj", "{75F5F2A1-C8FF-43AE-BCED-E43D329765D9}"
EndProject
Project("{2150E333-8FDC-42A3-9474-1A3956D46DE8}") = "Task7", "Task7", "{467846EE-A50F-4076-AA42-547B910B4CCB}"
EndProject
Project("{FAE04EC0-301F-11D3-BF4B-00C04F79EFBC}") = "Tyuiu.GalimovaAS.Sprint2.Task7.V4", "Tyuiu.GalimovaAS.Sprint2.Task7.V4\Tyuiu.GalimovaAS.Sprint2.Task7.V4.csproj", "{10A3062D-F9DC-4E09-B550-CAC33FFF52CE}"
EndProject
Project("{FAE04EC0-301F-11D3-BF4B-00C04F79EFBC}") = "Tyuiu.GalimovaAS.Sprint2.Task7.V4.Lib", "Tyuiu.GalimovaAS.Sprint2.Task7.V4.Lib\Tyuiu.GalimovaAS.Sprint2.Task7.V4.Lib.csproj", "{4696CA26-5383-4DC2-910E-1372FC2FFEA3}"
EndProject
Project("{FAE04EC0-301F-11D3-BF4B-00C04F79EFBC}") = "Tyuiu.GalimovaAS.Sprint2.Task7.V4.Test", "Tyuiu.GalimovaAS.Sprint2.Task7.V4.Test\Tyuiu.GalimovaAS.Sprint2.Task7.V4.Test.csproj", "{AC503243-501C-4CDA-8ACD-55DBF0EC53F1}"
EndProject
Global
	GlobalSection(SolutionConfigurationPlatforms) = preSolution
		Debug|Any CPU = Debug|Any CPU
		Release|Any CPU = Release|Any CPU
	EndGlobalSection
	GlobalSection(ProjectConfigurationPlatforms) = postSolution
		{A93AEB11-DDB3-44DF-9FF7-B6285200111D}.Debug|Any CPU.ActiveCfg = Debug|Any CPU
		{A93AEB11-DDB3-44DF-9FF7-B6285200111D}.Debug|Any CPU.Build.0 = Debug|Any CPU
		{A93AEB11-DDB3-44DF-9FF7-B6285200111D}.Release|Any CPU.ActiveCfg = Release|Any CPU
		{A93AEB11-DDB3-44DF-9FF7-B6285200111D}.Release|Any CPU.Build.0 = Release|Any CPU
		{9EB98077-90DB-4504-B901-695546B50105}.Debug|Any CPU.ActiveCfg = Debug|Any CPU
		{9EB98077-90DB-4504-B901-695546B50105}.Debug|Any CPU.Build.0 = Debug|Any CPU
		{9EB98077-90DB-4504-B901-695546B50105}.Release|Any CPU.ActiveCfg = Release|Any CPU
		{9EB98077-90DB-4504-B901-695546B50105}.Release|Any CPU.Build.0 = Release|Any CPU
		{758EA610-8DAC-4218-9337-721357795B86}.Debug|Any CPU.ActiveCfg = Debug|Any CPU
		{758EA610-8DAC-4218-9337-721357795B86}.Debug|Any CPU.Build.0 = Debug|Any CPU
		{758EA610-8DAC-4218-9337-721357795B86}.Release|Any CPU.ActiveCfg = Release|Any CPU
		{758EA610-8DAC-4218-9337-721357795B86}.Release|Any CPU.Build.0 = Release|Any CPU
		{E749CBB7-3390-464E-A537-47FA4641C3FF}.Debug|Any CPU.ActiveCfg = Debug|Any CPU
		{E749CBB7-3390-464E-A537-47FA4641C3FF}.Debug|Any CPU.Build.0 = Debug|Any CPU
		{E749CBB7-3390-464E-A537-47FA4641C3FF}.Release|Any CPU.ActiveCfg = Release|Any CPU
		{E749CBB7-3390-464E-A537-47FA4641C3FF}.Release|Any CPU.Build.0 = Release|Any CPU
		{FF02E64C-5C13-465E-9BED-A99E9AB5550D}.Debug|Any CPU.ActiveCfg = Debug|Any CPU
		{FF02E64C-5C13-465E-9BED-A99E9AB5550D}.Debug|Any CPU.Build.0 = Debug|Any CPU
		{FF02E64C-5C13-465E-9BED-A99E9AB5550D}.Release|Any CPU.ActiveCfg = Release|Any CPU
		{FF02E64C-5C13-465E-9BED-A99E9AB5550D}.Release|Any CPU.Build.0 = Release|Any CPU
		{BEF18AA0-E9C8-4669-94DB-695941D61C78}.Debug|Any CPU.ActiveCfg = Debug|Any CPU
		{BEF18AA0-E9C8-4669-94DB-695941D61C78}.Debug|Any CPU.Build.0 = Debug|Any CPU
		{BEF18AA0-E9C8-4669-94DB-695941D61C78}.Release|Any CPU.ActiveCfg = Release|Any CPU
		{BEF18AA0-E9C8-4669-94DB-695941D61C78}.Release|Any CPU.Build.0 = Release|Any CPU
		{946D8077-E157-43B5-90CE-A7789D7A3ABE}.Debug|Any CPU.ActiveCfg = Debug|Any CPU
		{946D8077-E157-43B5-90CE-A7789D7A3ABE}.Debug|Any CPU.Build.0 = Debug|Any CPU
		{946D8077-E157-43B5-90CE-A7789D7A3ABE}.Release|Any CPU.ActiveCfg = Release|Any CPU
		{946D8077-E157-43B5-90CE-A7789D7A3ABE}.Release|Any CPU.Build.0 = Release|Any CPU
		{EC9BAEE7-13E5-44D2-81CF-6BB5536ABDF9}.Debug|Any CPU.ActiveCfg = Debug|Any CPU
		{EC9BAEE7-13E5-44D2-81CF-6BB5536ABDF9}.Debug|Any CPU.Build.0 = Debug|Any CPU
		{EC9BAEE7-13E5-44D2-81CF-6BB5536ABDF9}.Release|Any CPU.ActiveCfg = Release|Any CPU
		{EC9BAEE7-13E5-44D2-81CF-6BB5536ABDF9}.Release|Any CPU.Build.0 = Release|Any CPU
		{08DF2228-39AB-4E89-9AAA-2BF1F1D17699}.Debug|Any CPU.ActiveCfg = Debug|Any CPU
		{08DF2228-39AB-4E89-9AAA-2BF1F1D17699}.Debug|Any CPU.Build.0 = Debug|Any CPU
		{08DF2228-39AB-4E89-9AAA-2BF1F1D17699}.Release|Any CPU.ActiveCfg = Release|Any CPU
		{08DF2228-39AB-4E89-9AAA-2BF1F1D17699}.Release|Any CPU.Build.0 = Release|Any CPU
		{9A14A280-EF7C-466E-B129-E0D4A512C5D2}.Debug|Any CPU.ActiveCfg = Debug|Any CPU
		{9A14A280-EF7C-466E-B129-E0D4A512C5D2}.Debug|Any CPU.Build.0 = Debug|Any CPU
		{9A14A280-EF7C-466E-B129-E0D4A512C5D2}.Release|Any CPU.ActiveCfg = Release|Any CPU
		{9A14A280-EF7C-466E-B129-E0D4A512C5D2}.Release|Any CPU.Build.0 = Release|Any CPU
		{4F70C44D-5229-4C22-848E-6B09A8277DA5}.Debug|Any CPU.ActiveCfg = Debug|Any CPU
		{4F70C44D-5229-4C22-848E-6B09A8277DA5}.Debug|Any CPU.Build.0 = Debug|Any CPU
		{4F70C44D-5229-4C22-848E-6B09A8277DA5}.Release|Any CPU.ActiveCfg = Release|Any CPU
		{4F70C44D-5229-4C22-848E-6B09A8277DA5}.Release|Any CPU.Build.0 = Release|Any CPU
		{24B3333C-389E-434E-91CE-DE6F70A7C63F}.Debug|Any CPU.ActiveCfg = Debug|Any CPU
		{24B3333C-389E-434E-91CE-DE6F70A7C63F}.Debug|Any CPU.Build.0 = Debug|Any CPU
		{24B3333C-389E-434E-91CE-DE6F70A7C63F}.Release|Any CPU.ActiveCfg = Release|Any CPU
		{24B3333C-389E-434E-91CE-DE6F70A7C63F}.Release|Any CPU.Build.0 = Release|Any CPU
		{52FAF978-CD8B-4CEF-8D49-AD9886E8CB3A}.Debug|Any CPU.ActiveCfg = Debug|Any CPU
		{52FAF978-CD8B-4CEF-8D49-AD9886E8CB3A}.Debug|Any CPU.Build.0 = Debug|Any CPU
		{52FAF978-CD8B-4CEF-8D49-AD9886E8CB3A}.Release|Any CPU.ActiveCfg = Release|Any CPU
		{52FAF978-CD8B-4CEF-8D49-AD9886E8CB3A}.Release|Any CPU.Build.0 = Release|Any CPU
		{C9E2120B-3F78-410D-99B3-EAFB1A36B0CF}.Debug|Any CPU.ActiveCfg = Debug|Any CPU
		{C9E2120B-3F78-410D-99B3-EAFB1A36B0CF}.Debug|Any CPU.Build.0 = Debug|Any CPU
		{C9E2120B-3F78-410D-99B3-EAFB1A36B0CF}.Release|Any CPU.ActiveCfg = Release|Any CPU
		{C9E2120B-3F78-410D-99B3-EAFB1A36B0CF}.Release|Any CPU.Build.0 = Release|Any CPU
		{7E0F295A-A617-43CC-A12D-36FFDE3ACDF8}.Debug|Any CPU.ActiveCfg = Debug|Any CPU
		{7E0F295A-A617-43CC-A12D-36FFDE3ACDF8}.Debug|Any CPU.Build.0 = Debug|Any CPU
		{7E0F295A-A617-43CC-A12D-36FFDE3ACDF8}.Release|Any CPU.ActiveCfg = Release|Any CPU
		{7E0F295A-A617-43CC-A12D-36FFDE3ACDF8}.Release|Any CPU.Build.0 = Release|Any CPU
		{C7B9B4C3-D496-47EC-ABC0-956F807B67D3}.Debug|Any CPU.ActiveCfg = Debug|Any CPU
		{C7B9B4C3-D496-47EC-ABC0-956F807B67D3}.Debug|Any CPU.Build.0 = Debug|Any CPU
		{C7B9B4C3-D496-47EC-ABC0-956F807B67D3}.Release|Any CPU.ActiveCfg = Release|Any CPU
		{C7B9B4C3-D496-47EC-ABC0-956F807B67D3}.Release|Any CPU.Build.0 = Release|Any CPU
		{3347A1CF-FF2A-4D6F-ADC3-37C28AF77F3E}.Debug|Any CPU.ActiveCfg = Debug|Any CPU
		{3347A1CF-FF2A-4D6F-ADC3-37C28AF77F3E}.Debug|Any CPU.Build.0 = Debug|Any CPU
		{3347A1CF-FF2A-4D6F-ADC3-37C28AF77F3E}.Release|Any CPU.ActiveCfg = Release|Any CPU
		{3347A1CF-FF2A-4D6F-ADC3-37C28AF77F3E}.Release|Any CPU.Build.0 = Release|Any CPU
		{FABF9020-5B27-4A67-8604-E96DAFFEF927}.Debug|Any CPU.ActiveCfg = Debug|Any CPU
		{FABF9020-5B27-4A67-8604-E96DAFFEF927}.Debug|Any CPU.Build.0 = Debug|Any CPU
		{FABF9020-5B27-4A67-8604-E96DAFFEF927}.Release|Any CPU.ActiveCfg = Release|Any CPU
		{FABF9020-5B27-4A67-8604-E96DAFFEF927}.Release|Any CPU.Build.0 = Release|Any CPU
		{792373F0-9B03-4843-A996-F5635888FE02}.Debug|Any CPU.ActiveCfg = Debug|Any CPU
		{792373F0-9B03-4843-A996-F5635888FE02}.Debug|Any CPU.Build.0 = Debug|Any CPU
		{792373F0-9B03-4843-A996-F5635888FE02}.Release|Any CPU.ActiveCfg = Release|Any CPU
		{792373F0-9B03-4843-A996-F5635888FE02}.Release|Any CPU.Build.0 = Release|Any CPU
		{043FEC50-DCCB-42A5-869B-CE926457CB38}.Debug|Any CPU.ActiveCfg = Debug|Any CPU
		{043FEC50-DCCB-42A5-869B-CE926457CB38}.Debug|Any CPU.Build.0 = Debug|Any CPU
		{043FEC50-DCCB-42A5-869B-CE926457CB38}.Release|Any CPU.ActiveCfg = Release|Any CPU
		{043FEC50-DCCB-42A5-869B-CE926457CB38}.Release|Any CPU.Build.0 = Release|Any CPU
		{75F5F2A1-C8FF-43AE-BCED-E43D329765D9}.Debug|Any CPU.ActiveCfg = Debug|Any CPU
		{75F5F2A1-C8FF-43AE-BCED-E43D329765D9}.Debug|Any CPU.Build.0 = Debug|Any CPU
		{75F5F2A1-C8FF-43AE-BCED-E43D329765D9}.Release|Any CPU.ActiveCfg = Release|Any CPU
		{75F5F2A1-C8FF-43AE-BCED-E43D329765D9}.Release|Any CPU.Build.0 = Release|Any CPU
		{10A3062D-F9DC-4E09-B550-CAC33FFF52CE}.Debug|Any CPU.ActiveCfg = Debug|Any CPU
		{10A3062D-F9DC-4E09-B550-CAC33FFF52CE}.Debug|Any CPU.Build.0 = Debug|Any CPU
		{10A3062D-F9DC-4E09-B550-CAC33FFF52CE}.Release|Any CPU.ActiveCfg = Release|Any CPU
		{10A3062D-F9DC-4E09-B550-CAC33FFF52CE}.Release|Any CPU.Build.0 = Release|Any CPU
		{4696CA26-5383-4DC2-910E-1372FC2FFEA3}.Debug|Any CPU.ActiveCfg = Debug|Any CPU
		{4696CA26-5383-4DC2-910E-1372FC2FFEA3}.Debug|Any CPU.Build.0 = Debug|Any CPU
		{4696CA26-5383-4DC2-910E-1372FC2FFEA3}.Release|Any CPU.ActiveCfg = Release|Any CPU
		{4696CA26-5383-4DC2-910E-1372FC2FFEA3}.Release|Any CPU.Build.0 = Release|Any CPU
		{AC503243-501C-4CDA-8ACD-55DBF0EC53F1}.Debug|Any CPU.ActiveCfg = Debug|Any CPU
		{AC503243-501C-4CDA-8ACD-55DBF0EC53F1}.Debug|Any CPU.Build.0 = Debug|Any CPU
		{AC503243-501C-4CDA-8ACD-55DBF0EC53F1}.Release|Any CPU.ActiveCfg = Release|Any CPU
		{AC503243-501C-4CDA-8ACD-55DBF0EC53F1}.Release|Any CPU.Build.0 = Release|Any CPU
	EndGlobalSection
	GlobalSection(SolutionProperties) = preSolution
		HideSolutionNode = FALSE
	EndGlobalSection
	GlobalSection(NestedProjects) = preSolution
		{A93AEB11-DDB3-44DF-9FF7-B6285200111D} = {F8A8E9EC-6D2A-486C-949F-17F811428C24}
		{9EB98077-90DB-4504-B901-695546B50105} = {F8A8E9EC-6D2A-486C-949F-17F811428C24}
		{758EA610-8DAC-4218-9337-721357795B86} = {F8A8E9EC-6D2A-486C-949F-17F811428C24}
		{E749CBB7-3390-464E-A537-47FA4641C3FF} = {7DDC8072-79E8-4E62-AF9E-7384A0D755A2}
		{FF02E64C-5C13-465E-9BED-A99E9AB5550D} = {7DDC8072-79E8-4E62-AF9E-7384A0D755A2}
		{BEF18AA0-E9C8-4669-94DB-695941D61C78} = {7DDC8072-79E8-4E62-AF9E-7384A0D755A2}
		{946D8077-E157-43B5-90CE-A7789D7A3ABE} = {DCD90AA7-AA82-4A54-824C-C2D166787A11}
		{EC9BAEE7-13E5-44D2-81CF-6BB5536ABDF9} = {DCD90AA7-AA82-4A54-824C-C2D166787A11}
		{08DF2228-39AB-4E89-9AAA-2BF1F1D17699} = {DCD90AA7-AA82-4A54-824C-C2D166787A11}
		{9A14A280-EF7C-466E-B129-E0D4A512C5D2} = {C20BE24F-029C-40BF-9E25-971ED718C218}
		{4F70C44D-5229-4C22-848E-6B09A8277DA5} = {C20BE24F-029C-40BF-9E25-971ED718C218}
		{24B3333C-389E-434E-91CE-DE6F70A7C63F} = {C20BE24F-029C-40BF-9E25-971ED718C218}
		{52FAF978-CD8B-4CEF-8D49-AD9886E8CB3A} = {917E41FA-626A-433D-9617-EEDF1877CB18}
		{C9E2120B-3F78-410D-99B3-EAFB1A36B0CF} = {917E41FA-626A-433D-9617-EEDF1877CB18}
		{7E0F295A-A617-43CC-A12D-36FFDE3ACDF8} = {917E41FA-626A-433D-9617-EEDF1877CB18}
		{C7B9B4C3-D496-47EC-ABC0-956F807B67D3} = {5A735E3F-786A-497D-B1E9-6A3D8ACA1E66}
		{3347A1CF-FF2A-4D6F-ADC3-37C28AF77F3E} = {5A735E3F-786A-497D-B1E9-6A3D8ACA1E66}
		{FABF9020-5B27-4A67-8604-E96DAFFEF927} = {5A735E3F-786A-497D-B1E9-6A3D8ACA1E66}
		{792373F0-9B03-4843-A996-F5635888FE02} = {12570A4B-7823-4093-AF88-7B0F179FA4E7}
		{043FEC50-DCCB-42A5-869B-CE926457CB38} = {12570A4B-7823-4093-AF88-7B0F179FA4E7}
		{75F5F2A1-C8FF-43AE-BCED-E43D329765D9} = {12570A4B-7823-4093-AF88-7B0F179FA4E7}
		{10A3062D-F9DC-4E09-B550-CAC33FFF52CE} = {467846EE-A50F-4076-AA42-547B910B4CCB}
		{4696CA26-5383-4DC2-910E-1372FC2FFEA3} = {467846EE-A50F-4076-AA42-547B910B4CCB}
		{AC503243-501C-4CDA-8ACD-55DBF0EC53F1} = {467846EE-A50F-4076-AA42-547B910B4CCB}
	EndGlobalSection
	GlobalSection(ExtensibilityGlobals) = postSolution
		SolutionGuid = {4E634296-DB9B-4215-A235-B6F40A4666E8}
	EndGlobalSection
EndGlobal
